// !$*UTF8*$!
{
	archiveVersion = 1;
	classes = {
	};
	objectVersion = 46;
	objects = {

/* Begin PBXBuildFile section */
		7BD0FEFD16F6BCBA00D57128 /* UIKit.framework in Frameworks */ = {isa = PBXBuildFile; fileRef = 7BD0FEFC16F6BCBA00D57128 /* UIKit.framework */; };
		7BD0FEFF16F6BCBA00D57128 /* Foundation.framework in Frameworks */ = {isa = PBXBuildFile; fileRef = 7BD0FEFE16F6BCBA00D57128 /* Foundation.framework */; };
		7BD0FF0116F6BCBA00D57128 /* CoreGraphics.framework in Frameworks */ = {isa = PBXBuildFile; fileRef = 7BD0FF0016F6BCBA00D57128 /* CoreGraphics.framework */; };
		7BD0FF0716F6BCBA00D57128 /* InfoPlist.strings in Resources */ = {isa = PBXBuildFile; fileRef = 7BD0FF0516F6BCBA00D57128 /* InfoPlist.strings */; };
		7BD0FF0916F6BCBA00D57128 /* main.m in Sources */ = {isa = PBXBuildFile; fileRef = 7BD0FF0816F6BCBA00D57128 /* main.m */; };
		7BD0FF0D16F6BCBA00D57128 /* AppDelegate.m in Sources */ = {isa = PBXBuildFile; fileRef = 7BD0FF0C16F6BCBA00D57128 /* AppDelegate.m */; };
		7BD0FF0F16F6BCBA00D57128 /* Default.png in Resources */ = {isa = PBXBuildFile; fileRef = 7BD0FF0E16F6BCBA00D57128 /* Default.png */; };
		7BD0FF1116F6BCBA00D57128 /* Default@2x.png in Resources */ = {isa = PBXBuildFile; fileRef = 7BD0FF1016F6BCBA00D57128 /* Default@2x.png */; };
		7BD0FF1316F6BCBA00D57128 /* Default-568h@2x.png in Resources */ = {isa = PBXBuildFile; fileRef = 7BD0FF1216F6BCBA00D57128 /* Default-568h@2x.png */; };
		7BD0FF1616F6BCBA00D57128 /* ViewController.m in Sources */ = {isa = PBXBuildFile; fileRef = 7BD0FF1516F6BCBA00D57128 /* ViewController.m */; };
		7BD0FF1916F6BCBA00D57128 /* ViewController.xib in Resources */ = {isa = PBXBuildFile; fileRef = 7BD0FF1716F6BCBA00D57128 /* ViewController.xib */; };
		7BD0FF2416F6BCE100D57128 /* GuideView.m in Sources */ = {isa = PBXBuildFile; fileRef = 7BD0FF2016F6BCE100D57128 /* GuideView.m */; };
		7BD0FF2516F6BCE100D57128 /* GuideView.xib in Resources */ = {isa = PBXBuildFile; fileRef = 7BD0FF2116F6BCE100D57128 /* GuideView.xib */; };
		7BD0FF2616F6BCE100D57128 /* UIImage+SplitImageIntoTwoParts.m in Sources */ = {isa = PBXBuildFile; fileRef = 7BD0FF2316F6BCE100D57128 /* UIImage+SplitImageIntoTwoParts.m */; };
		7BD0FF2E16F6BDF300D57128 /* 0.jpg in Resources */ = {isa = PBXBuildFile; fileRef = 7BD0FF2916F6BDF300D57128 /* 0.jpg */; };
		7BD0FF2F16F6BDF300D57128 /* 1.jpg in Resources */ = {isa = PBXBuildFile; fileRef = 7BD0FF2A16F6BDF300D57128 /* 1.jpg */; };
		7BD0FF3016F6BDF300D57128 /* 2.jpg in Resources */ = {isa = PBXBuildFile; fileRef = 7BD0FF2B16F6BDF300D57128 /* 2.jpg */; };
		7BD0FF3116F6BDF300D57128 /* 3.jpg in Resources */ = {isa = PBXBuildFile; fileRef = 7BD0FF2C16F6BDF300D57128 /* 3.jpg */; };
		7BD0FF3216F6BDF300D57128 /* 4.jpg in Resources */ = {isa = PBXBuildFile; fileRef = 7BD0FF2D16F6BDF300D57128 /* 4.jpg */; };
		7BD0FF3516F6BE4400D57128 /* close_button_bg.png in Resources */ = {isa = PBXBuildFile; fileRef = 7BD0FF3316F6BE4400D57128 /* close_button_bg.png */; };
		7BD0FF3616F6BE4400D57128 /* close_button_bg@2x.png in Resources */ = {isa = PBXBuildFile; fileRef = 7BD0FF3416F6BE4400D57128 /* close_button_bg@2x.png */; };
		7BD0FF4216F6E04F00D57128 /* demo.png in Resources */ = {isa = PBXBuildFile; fileRef = 7BD0FF4116F6E04F00D57128 /* demo.png */; };
/* End PBXBuildFile section */

/* Begin PBXFileReference section */
		7BD0FEF916F6BCBA00D57128 /* UserGuide.app */ = {isa = PBXFileReference; explicitFileType = wrapper.application; includeInIndex = 0; path = UserGuide.app; sourceTree = BUILT_PRODUCTS_DIR; };
		7BD0FEFC16F6BCBA00D57128 /* UIKit.framework */ = {isa = PBXFileReference; lastKnownFileType = wrapper.framework; name = UIKit.framework; path = System/Library/Frameworks/UIKit.framework; sourceTree = SDKROOT; };
		7BD0FEFE16F6BCBA00D57128 /* Foundation.framework */ = {isa = PBXFileReference; lastKnownFileType = wrapper.framework; name = Foundation.framework; path = System/Library/Frameworks/Foundation.framework; sourceTree = SDKROOT; };
		7BD0FF0016F6BCBA00D57128 /* CoreGraphics.framework */ = {isa = PBXFileReference; lastKnownFileType = wrapper.framework; name = CoreGraphics.framework; path = System/Library/Frameworks/CoreGraphics.framework; sourceTree = SDKROOT; };
		7BD0FF0416F6BCBA00D57128 /* UserGuide-Info.plist */ = {isa = PBXFileReference; lastKnownFileType = text.plist.xml; path = "UserGuide-Info.plist"; sourceTree = "<group>"; };
		7BD0FF0616F6BCBA00D57128 /* en */ = {isa = PBXFileReference; lastKnownFileType = text.plist.strings; name = en; path = en.lproj/InfoPlist.strings; sourceTree = "<group>"; };
		7BD0FF0816F6BCBA00D57128 /* main.m */ = {isa = PBXFileReference; lastKnownFileType = sourcecode.c.objc; path = main.m; sourceTree = "<group>"; };
		7BD0FF0A16F6BCBA00D57128 /* UserGuide-Prefix.pch */ = {isa = PBXFileReference; lastKnownFileType = sourcecode.c.h; path = "UserGuide-Prefix.pch"; sourceTree = "<group>"; };
		7BD0FF0B16F6BCBA00D57128 /* AppDelegate.h */ = {isa = PBXFileReference; lastKnownFileType = sourcecode.c.h; path = AppDelegate.h; sourceTree = "<group>"; };
		7BD0FF0C16F6BCBA00D57128 /* AppDelegate.m */ = {isa = PBXFileReference; lastKnownFileType = sourcecode.c.objc; path = AppDelegate.m; sourceTree = "<group>"; };
		7BD0FF0E16F6BCBA00D57128 /* Default.png */ = {isa = PBXFileReference; lastKnownFileType = image.png; path = Default.png; sourceTree = "<group>"; };
		7BD0FF1016F6BCBA00D57128 /* Default@2x.png */ = {isa = PBXFileReference; lastKnownFileType = image.png; path = "Default@2x.png"; sourceTree = "<group>"; };
		7BD0FF1216F6BCBA00D57128 /* Default-568h@2x.png */ = {isa = PBXFileReference; lastKnownFileType = image.png; path = "Default-568h@2x.png"; sourceTree = "<group>"; };
		7BD0FF1416F6BCBA00D57128 /* ViewController.h */ = {isa = PBXFileReference; lastKnownFileType = sourcecode.c.h; path = ViewController.h; sourceTree = "<group>"; };
		7BD0FF1516F6BCBA00D57128 /* ViewController.m */ = {isa = PBXFileReference; lastKnownFileType = sourcecode.c.objc; path = ViewController.m; sourceTree = "<group>"; };
		7BD0FF1816F6BCBA00D57128 /* en */ = {isa = PBXFileReference; lastKnownFileType = file.xib; name = en; path = en.lproj/ViewController.xib; sourceTree = "<group>"; };
		7BD0FF1F16F6BCE100D57128 /* GuideView.h */ = {isa = PBXFileReference; fileEncoding = 4; lastKnownFileType = sourcecode.c.h; path = GuideView.h; sourceTree = "<group>"; };
		7BD0FF2016F6BCE100D57128 /* GuideView.m */ = {isa = PBXFileReference; fileEncoding = 4; lastKnownFileType = sourcecode.c.objc; path = GuideView.m; sourceTree = "<group>"; };
		7BD0FF2116F6BCE100D57128 /* GuideView.xib */ = {isa = PBXFileReference; fileEncoding = 4; lastKnownFileType = file.xib; path = GuideView.xib; sourceTree = "<group>"; };
		7BD0FF2216F6BCE100D57128 /* UIImage+SplitImageIntoTwoParts.h */ = {isa = PBXFileReference; fileEncoding = 4; lastKnownFileType = sourcecode.c.h; path = "UIImage+SplitImageIntoTwoParts.h"; sourceTree = "<group>"; };
		7BD0FF2316F6BCE100D57128 /* UIImage+SplitImageIntoTwoParts.m */ = {isa = PBXFileReference; fileEncoding = 4; lastKnownFileType = sourcecode.c.objc; path = "UIImage+SplitImageIntoTwoParts.m"; sourceTree = "<group>"; };
		7BD0FF2916F6BDF300D57128 /* 0.jpg */ = {isa = PBXFileReference; lastKnownFileType = image.jpeg; path = 0.jpg; sourceTree = "<group>"; };
		7BD0FF2A16F6BDF300D57128 /* 1.jpg */ = {isa = PBXFileReference; lastKnownFileType = image.jpeg; path = 1.jpg; sourceTree = "<group>"; };
		7BD0FF2B16F6BDF300D57128 /* 2.jpg */ = {isa = PBXFileReference; lastKnownFileType = image.jpeg; path = 2.jpg; sourceTree = "<group>"; };
		7BD0FF2C16F6BDF300D57128 /* 3.jpg */ = {isa = PBXFileReference; lastKnownFileType = image.jpeg; path = 3.jpg; sourceTree = "<group>"; };
		7BD0FF2D16F6BDF300D57128 /* 4.jpg */ = {isa = PBXFileReference; lastKnownFileType = image.jpeg; path = 4.jpg; sourceTree = "<group>"; };
		7BD0FF3316F6BE4400D57128 /* close_button_bg.png */ = {isa = PBXFileReference; lastKnownFileType = image.png; path = close_button_bg.png; sourceTree = "<group>"; };
		7BD0FF3416F6BE4400D57128 /* close_button_bg@2x.png */ = {isa = PBXFileReference; lastKnownFileType = image.png; path = "close_button_bg@2x.png"; sourceTree = "<group>"; };
		7BD0FF4116F6E04F00D57128 /* demo.png */ = {isa = PBXFileReference; lastKnownFileType = image.png; path = demo.png; sourceTree = "<group>"; };
/* End PBXFileReference section */

/* Begin PBXFrameworksBuildPhase section */
		7BD0FEF616F6BCBA00D57128 /* Frameworks */ = {
			isa = PBXFrameworksBuildPhase;
			buildActionMask = 2147483647;
			files = (
				7BD0FEFD16F6BCBA00D57128 /* UIKit.framework in Frameworks */,
				7BD0FEFF16F6BCBA00D57128 /* Foundation.framework in Frameworks */,
				7BD0FF0116F6BCBA00D57128 /* CoreGraphics.framework in Frameworks */,
			);
			runOnlyForDeploymentPostprocessing = 0;
		};
/* End PBXFrameworksBuildPhase section */

/* Begin PBXGroup section */
		7BD0FEF016F6BCBA00D57128 = {
			isa = PBXGroup;
			children = (
				7BD0FF2716F6BDCB00D57128 /* class */,
				7BD0FF0216F6BCBA00D57128 /* UserGuide */,
				7BD0FEFB16F6BCBA00D57128 /* Frameworks */,
				7BD0FEFA16F6BCBA00D57128 /* Products */,
			);
			sourceTree = "<group>";
		};
		7BD0FEFA16F6BCBA00D57128 /* Products */ = {
			isa = PBXGroup;
			children = (
				7BD0FEF916F6BCBA00D57128 /* UserGuide.app */,
			);
			name = Products;
			sourceTree = "<group>";
		};
		7BD0FEFB16F6BCBA00D57128 /* Frameworks */ = {
			isa = PBXGroup;
			children = (
				7BD0FEFC16F6BCBA00D57128 /* UIKit.framework */,
				7BD0FEFE16F6BCBA00D57128 /* Foundation.framework */,
				7BD0FF0016F6BCBA00D57128 /* CoreGraphics.framework */,
			);
			name = Frameworks;
			sourceTree = "<group>";
		};
		7BD0FF0216F6BCBA00D57128 /* UserGuide */ = {
			isa = PBXGroup;
			children = (
				7BD0FF0B16F6BCBA00D57128 /* AppDelegate.h */,
				7BD0FF0C16F6BCBA00D57128 /* AppDelegate.m */,
				7BD0FF1416F6BCBA00D57128 /* ViewController.h */,
				7BD0FF1516F6BCBA00D57128 /* ViewController.m */,
				7BD0FF1716F6BCBA00D57128 /* ViewController.xib */,
				7BD0FF0316F6BCBA00D57128 /* Supporting Files */,
			);
			path = UserGuide;
			sourceTree = "<group>";
		};
		7BD0FF0316F6BCBA00D57128 /* Supporting Files */ = {
			isa = PBXGroup;
			children = (
				7BD0FF4116F6E04F00D57128 /* demo.png */,
				7BD0FF2816F6BDE400D57128 /* images */,
				7BD0FF0416F6BCBA00D57128 /* UserGuide-Info.plist */,
				7BD0FF0516F6BCBA00D57128 /* InfoPlist.strings */,
				7BD0FF0816F6BCBA00D57128 /* main.m */,
				7BD0FF0A16F6BCBA00D57128 /* UserGuide-Prefix.pch */,
				7BD0FF0E16F6BCBA00D57128 /* Default.png */,
				7BD0FF1016F6BCBA00D57128 /* Default@2x.png */,
				7BD0FF1216F6BCBA00D57128 /* Default-568h@2x.png */,
			);
			name = "Supporting Files";
			sourceTree = "<group>";
		};
		7BD0FF2716F6BDCB00D57128 /* class */ = {
			isa = PBXGroup;
			children = (
				7BD0FF1F16F6BCE100D57128 /* GuideView.h */,
				7BD0FF2016F6BCE100D57128 /* GuideView.m */,
				7BD0FF2116F6BCE100D57128 /* GuideView.xib */,
				7BD0FF2216F6BCE100D57128 /* UIImage+SplitImageIntoTwoParts.h */,
				7BD0FF2316F6BCE100D57128 /* UIImage+SplitImageIntoTwoParts.m */,
			);
			name = class;
			sourceTree = "<group>";
		};
		7BD0FF2816F6BDE400D57128 /* images */ = {
			isa = PBXGroup;
			children = (
				7BD0FF3316F6BE4400D57128 /* close_button_bg.png */,
				7BD0FF3416F6BE4400D57128 /* close_button_bg@2x.png */,
				7BD0FF2916F6BDF300D57128 /* 0.jpg */,
				7BD0FF2A16F6BDF300D57128 /* 1.jpg */,
				7BD0FF2B16F6BDF300D57128 /* 2.jpg */,
				7BD0FF2C16F6BDF300D57128 /* 3.jpg */,
				7BD0FF2D16F6BDF300D57128 /* 4.jpg */,
			);
			name = images;
			sourceTree = "<group>";
		};
/* End PBXGroup section */

/* Begin PBXNativeTarget section */
		7BD0FEF816F6BCBA00D57128 /* UserGuide */ = {
			isa = PBXNativeTarget;
			buildConfigurationList = 7BD0FF1C16F6BCBA00D57128 /* Build configuration list for PBXNativeTarget "UserGuide" */;
			buildPhases = (
				7BD0FEF516F6BCBA00D57128 /* Sources */,
				7BD0FEF616F6BCBA00D57128 /* Frameworks */,
				7BD0FEF716F6BCBA00D57128 /* Resources */,
			);
			buildRules = (
			);
			dependencies = (
			);
			name = UserGuide;
			productName = UserGuide;
			productReference = 7BD0FEF916F6BCBA00D57128 /* UserGuide.app */;
			productType = "com.apple.product-type.application";
		};
/* End PBXNativeTarget section */

/* Begin PBXProject section */
		7BD0FEF116F6BCBA00D57128 /* Project object */ = {
			isa = PBXProject;
			attributes = {
				LastUpgradeCheck = 0460;
				ORGANIZATIONNAME = Cloay;
			};
			buildConfigurationList = 7BD0FEF416F6BCBA00D57128 /* Build configuration list for PBXProject "UserGuide" */;
			compatibilityVersion = "Xcode 3.2";
			developmentRegion = English;
			hasScannedForEncodings = 0;
			knownRegions = (
				en,
			);
			mainGroup = 7BD0FEF016F6BCBA00D57128;
			productRefGroup = 7BD0FEFA16F6BCBA00D57128 /* Products */;
			projectDirPath = "";
			projectRoot = "";
			targets = (
				7BD0FEF816F6BCBA00D57128 /* UserGuide */,
			);
		};
/* End PBXProject section */

/* Begin PBXResourcesBuildPhase section */
		7BD0FEF716F6BCBA00D57128 /* Resources */ = {
			isa = PBXResourcesBuildPhase;
			buildActionMask = 2147483647;
			files = (
				7BD0FF0716F6BCBA00D57128 /* InfoPlist.strings in Resources */,
				7BD0FF0F16F6BCBA00D57128 /* Default.png in Resources */,
				7BD0FF1116F6BCBA00D57128 /* Default@2x.png in Resources */,
				7BD0FF1316F6BCBA00D57128 /* Default-568h@2x.png in Resources */,
				7BD0FF1916F6BCBA00D57128 /* ViewController.xib in Resources */,
				7BD0FF2516F6BCE100D57128 /* GuideView.xib in Resources */,
				7BD0FF2E16F6BDF300D57128 /* 0.jpg in Resources */,
				7BD0FF2F16F6BDF300D57128 /* 1.jpg in Resources */,
				7BD0FF3016F6BDF300D57128 /* 2.jpg in Resources */,
				7BD0FF3116F6BDF300D57128 /* 3.jpg in Resources */,
				7BD0FF3216F6BDF300D57128 /* 4.jpg in Resources */,
				7BD0FF3516F6BE4400D57128 /* close_button_bg.png in Resources */,
				7BD0FF3616F6BE4400D57128 /* close_button_bg@2x.png in Resources */,
				7BD0FF4216F6E04F00D57128 /* demo.png in Resources */,
			);
			runOnlyForDeploymentPostprocessing = 0;
		};
/* End PBXResourcesBuildPhase section */

/* Begin PBXSourcesBuildPhase section */
		7BD0FEF516F6BCBA00D57128 /* Sources */ = {
			isa = PBXSourcesBuildPhase;
			buildActionMask = 2147483647;
			files = (
				7BD0FF0916F6BCBA00D57128 /* main.m in Sources */,
				7BD0FF0D16F6BCBA00D57128 /* AppDelegate.m in Sources */,
				7BD0FF1616F6BCBA00D57128 /* ViewController.m in Sources */,
				7BD0FF2416F6BCE100D57128 /* GuideView.m in Sources */,
				7BD0FF2616F6BCE100D57128 /* UIImage+SplitImageIntoTwoParts.m in Sources */,
			);
			runOnlyForDeploymentPostprocessing = 0;
		};
/* End PBXSourcesBuildPhase section */

/* Begin PBXVariantGroup section */
		7BD0FF0516F6BCBA00D57128 /* InfoPlist.strings */ = {
			isa = PBXVariantGroup;
			children = (
				7BD0FF0616F6BCBA00D57128 /* en */,
			);
			name = InfoPlist.strings;
			sourceTree = "<group>";
		};
		7BD0FF1716F6BCBA00D57128 /* ViewController.xib */ = {
			isa = PBXVariantGroup;
			children = (
				7BD0FF1816F6BCBA00D57128 /* en */,
			);
			name = ViewController.xib;
			sourceTree = "<group>";
		};
/* End PBXVariantGroup section */

/* Begin XCBuildConfiguration section */
		7BD0FF1A16F6BCBA00D57128 /* Debug */ = {
			isa = XCBuildConfiguration;
			buildSettings = {
				ALWAYS_SEARCH_USER_PATHS = NO;
				CLANG_CXX_LANGUAGE_STANDARD = "gnu++0x";
				CLANG_CXX_LIBRARY = "libc++";
				CLANG_ENABLE_OBJC_ARC = YES;
				CLANG_WARN_CONSTANT_CONVERSION = YES;
				CLANG_WARN_EMPTY_BODY = YES;
				CLANG_WARN_ENUM_CONVERSION = YES;
				CLANG_WARN_INT_CONVERSION = YES;
				CLANG_WARN__DUPLICATE_METHOD_MATCH = YES;
				"CODE_SIGN_IDENTITY[sdk=iphoneos*]" = "iPhone Developer";
				COPY_PHASE_STRIP = NO;
				GCC_C_LANGUAGE_STANDARD = gnu99;
				GCC_DYNAMIC_NO_PIC = NO;
				GCC_OPTIMIZATION_LEVEL = 0;
				GCC_PREPROCESSOR_DEFINITIONS = (
					"DEBUG=1",
					"$(inherited)",
				);
				GCC_SYMBOLS_PRIVATE_EXTERN = NO;
				GCC_WARN_ABOUT_RETURN_TYPE = YES;
				GCC_WARN_UNINITIALIZED_AUTOS = YES;
				GCC_WARN_UNUSED_VARIABLE = YES;
				IPHONEOS_DEPLOYMENT_TARGET = 6.1;
				ONLY_ACTIVE_ARCH = YES;
				SDKROOT = iphoneos;
			};
			name = Debug;
		};
		7BD0FF1B16F6BCBA00D57128 /* Release */ = {
			isa = XCBuildConfiguration;
			buildSettings = {
				ALWAYS_SEARCH_USER_PATHS = NO;
				CLANG_CXX_LANGUAGE_STANDARD = "gnu++0x";
				CLANG_CXX_LIBRARY = "libc++";
				CLANG_ENABLE_OBJC_ARC = YES;
				CLANG_WARN_CONSTANT_CONVERSION = YES;
				CLANG_WARN_EMPTY_BODY = YES;
				CLANG_WARN_ENUM_CONVERSION = YES;
				CLANG_WARN_INT_CONVERSION = YES;
				CLANG_WARN__DUPLICATE_METHOD_MATCH = YES;
				"CODE_SIGN_IDENTITY[sdk=iphoneos*]" = "iPhone Developer";
				COPY_PHASE_STRIP = YES;
				GCC_C_LANGUAGE_STANDARD = gnu99;
				GCC_WARN_ABOUT_RETURN_TYPE = YES;
				GCC_WARN_UNINITIALIZED_AUTOS = YES;
				GCC_WARN_UNUSED_VARIABLE = YES;
				IPHONEOS_DEPLOYMENT_TARGET = 6.1;
				OTHER_CFLAGS = "-DNS_BLOCK_ASSERTIONS=1";
				SDKROOT = iphoneos;
				VALIDATE_PRODUCT = YES;
			};
			name = Release;
		};
		7BD0FF1D16F6BCBA00D57128 /* Debug */ = {
			isa = XCBuildConfiguration;
			buildSettings = {
				GCC_PRECOMPILE_PREFIX_HEADER = YES;
				GCC_PREFIX_HEADER = "UserGuide/UserGuide-Prefix.pch";
				INFOPLIST_FILE = "UserGuide/UserGuide-Info.plist";
				PRODUCT_NAME = "$(TARGET_NAME)";
				WRAPPER_EXTENSION = app;
			};
			name = Debug;
		};
		7BD0FF1E16F6BCBA00D57128 /* Release */ = {
			isa = XCBuildConfiguration;
			buildSettings = {
				GCC_PRECOMPILE_PREFIX_HEADER = YES;
				GCC_PREFIX_HEADER = "UserGuide/UserGuide-Prefix.pch";
				INFOPLIST_FILE = "UserGuide/UserGuide-Info.plist";
				PRODUCT_NAME = "$(TARGET_NAME)";
				WRAPPER_EXTENSION = app;
			};
			name = Release;
		};
/* End XCBuildConfiguration section */

/* Begin XCConfigurationList section */
		7BD0FEF416F6BCBA00D57128 /* Build configuration list for PBXProject "UserGuide" */ = {
			isa = XCConfigurationList;
			buildConfigurations = (
				7BD0FF1A16F6BCBA00D57128 /* Debug */,
				7BD0FF1B16F6BCBA00D57128 /* Release */,
			);
			defaultConfigurationIsVisible = 0;
			defaultConfigurationName = Release;
		};
		7BD0FF1C16F6BCBA00D57128 /* Build configuration list for PBXNativeTarget "UserGuide" */ = {
			isa = XCConfigurationList;
			buildConfigurations = (
				7BD0FF1D16F6BCBA00D57128 /* Debug */,
				7BD0FF1E16F6BCBA00D57128 /* Release */,
			);
			defaultConfigurationIsVisible = 0;
			defaultConfigurationName = Release;
		};
/* End XCConfigurationList section */
	};
	rootObject = 7BD0FEF116F6BCBA00D57128 /* Project object */;
}
